
Microsoft Visual Studio Solution File, Format Version 12.00
# Visual Studio Version 17
VisualStudioVersion = 17.0.32112.339
MinimumVisualStudioVersion = 10.0.40219.1
Project("{9A19103F-16F7-4668-BE54-9A1E7A4F7556}") = "Lab0", "Lab0\Lab0.csproj", "{70722E0D-13C3-4207-AF44-1009A1601B83}"
EndProject
Project("{9A19103F-16F7-4668-BE54-9A1E7A4F7556}") = "Lab1", "Lab1\Lab1.csproj", "{510C12D3-6B13-4A72-A657-3B24CF216743}"
EndProject
Project("{FAE04EC0-301F-11D3-BF4B-00C04F79EFBC}") = "Lab2", "Lab2\Lab2.csproj", "{C597208A-0FC7-45A4-B5D4-1C4DA73577EF}"
EndProject
Project("{FAE04EC0-301F-11D3-BF4B-00C04F79EFBC}") = "Lab3", "Lab3\Lab3.csproj", "{432E3C92-DD9C-4783-BB8E-FD2B7BCCD445}"
EndProject
Project("{FAE04EC0-301F-11D3-BF4B-00C04F79EFBC}") = "Lab4", "Lab4\Lab4.csproj", "{EFBF21C3-7C7D-4D88-8FEB-02A5928E9009}"
EndProject
Global
	GlobalSection(SolutionConfigurationPlatforms) = preSolution
		Debug|Any CPU = Debug|Any CPU
		Release|Any CPU = Release|Any CPU
	EndGlobalSection
	GlobalSection(ProjectConfigurationPlatforms) = postSolution
		{70722E0D-13C3-4207-AF44-1009A1601B83}.Debug|Any CPU.ActiveCfg = Debug|Any CPU
		{70722E0D-13C3-4207-AF44-1009A1601B83}.Debug|Any CPU.Build.0 = Debug|Any CPU
		{70722E0D-13C3-4207-AF44-1009A1601B83}.Release|Any CPU.ActiveCfg = Release|Any CPU
		{70722E0D-13C3-4207-AF44-1009A1601B83}.Release|Any CPU.Build.0 = Release|Any CPU
		{510C12D3-6B13-4A72-A657-3B24CF216743}.Debug|Any CPU.ActiveCfg = Debug|Any CPU
		{510C12D3-6B13-4A72-A657-3B24CF216743}.Debug|Any CPU.Build.0 = Debug|Any CPU
		{510C12D3-6B13-4A72-A657-3B24CF216743}.Release|Any CPU.ActiveCfg = Release|Any CPU
		{510C12D3-6B13-4A72-A657-3B24CF216743}.Release|Any CPU.Build.0 = Release|Any CPU
		{C597208A-0FC7-45A4-B5D4-1C4DA73577EF}.Debug|Any CPU.ActiveCfg = Debug|Any CPU
		{C597208A-0FC7-45A4-B5D4-1C4DA73577EF}.Debug|Any CPU.Build.0 = Debug|Any CPU
		{C597208A-0FC7-45A4-B5D4-1C4DA73577EF}.Release|Any CPU.ActiveCfg = Release|Any CPU
		{C597208A-0FC7-45A4-B5D4-1C4DA73577EF}.Release|Any CPU.Build.0 = Release|Any CPU
		{432E3C92-DD9C-4783-BB8E-FD2B7BCCD445}.Debug|Any CPU.ActiveCfg = Debug|Any CPU
		{432E3C92-DD9C-4783-BB8E-FD2B7BCCD445}.Debug|Any CPU.Build.0 = Debug|Any CPU
		{432E3C92-DD9C-4783-BB8E-FD2B7BCCD445}.Release|Any CPU.ActiveCfg = Release|Any CPU
		{432E3C92-DD9C-4783-BB8E-FD2B7BCCD445}.Release|Any CPU.Build.0 = Release|Any CPU
		{EFBF21C3-7C7D-4D88-8FEB-02A5928E9009}.Debug|Any CPU.ActiveCfg = Debug|Any CPU
		{EFBF21C3-7C7D-4D88-8FEB-02A5928E9009}.Debug|Any CPU.Build.0 = Debug|Any CPU
		{EFBF21C3-7C7D-4D88-8FEB-02A5928E9009}.Release|Any CPU.ActiveCfg = Release|Any CPU
		{EFBF21C3-7C7D-4D88-8FEB-02A5928E9009}.Release|Any CPU.Build.0 = Release|Any CPU
	EndGlobalSection
	GlobalSection(SolutionProperties) = preSolution
		HideSolutionNode = FALSE
	EndGlobalSection
	GlobalSection(ExtensibilityGlobals) = postSolution
		SolutionGuid = {B21E39DB-E750-4C77-9920-C5F7665B9504}
	EndGlobalSection
EndGlobal
